
Microsoft Visual Studio Solution File, Format Version 12.00
# Visual Studio 15
VisualStudioVersion = 15.0.27703.2042
MinimumVisualStudioVersion = 10.0.40219.1
Project("{2150E333-8FDC-42A3-9474-1A3956D46DE8}") = "src", "src", "{863C17D6-06EA-4B30-8549-4F571FBF93BF}"
EndProject
Project("{2150E333-8FDC-42A3-9474-1A3956D46DE8}") = "tools", "tools", "{230C5673-DEA7-4E80-82C3-E79FD7CE1BE2}"
EndProject
Project("{9A19103F-16F7-4668-BE54-9A1E7A4F7556}") = "Chaldea", "src\Chaldea\Chaldea.csproj", "{665D2F5D-B818-4866-817B-641F76F52939}"
EndProject
Project("{9A19103F-16F7-4668-BE54-9A1E7A4F7556}") = "Chaldea.IdentityServer", "src\Chaldea.IdentityServer\Chaldea.IdentityServer.csproj", "{01FF59BB-E7BD-4213-94DA-CE88E61E40D2}"
EndProject
Project("{2150E333-8FDC-42A3-9474-1A3956D46DE8}") = "test", "test", "{89E2E7FB-67AF-4E55-92E3-3B2035BCBDC2}"
EndProject
Project("{9A19103F-16F7-4668-BE54-9A1E7A4F7556}") = "IdentityServer4.TestingClient", "test\IdentityServer4.TestingClient\IdentityServer4.TestingClient.csproj", "{D70B9EC2-8AB9-4591-AB6D-719F20A83DA6}"
EndProject
Project("{9A19103F-16F7-4668-BE54-9A1E7A4F7556}") = "Chaldea.Node", "src\Chaldea.Node\Chaldea.Node.csproj", "{72463BE8-6903-485E-B022-1032CCD14CC8}"
EndProject
Project("{9A19103F-16F7-4668-BE54-9A1E7A4F7556}") = "Chaldea.Core", "src\Chaldea.Core\Chaldea.Core.csproj", "{51477E48-33C3-499A-99BB-EEF7BAADF511}"
EndProject
Project("{9A19103F-16F7-4668-BE54-9A1E7A4F7556}") = "BaiduNetDisk", "tools\BaiduNetDisk\BaiduNetDisk.csproj", "{0C6B1CAF-66A8-4223-AC30-39A31B1F3158}"
EndProject
Project("{FAE04EC0-301F-11D3-BF4B-00C04F79EFBC}") = "Chaldea.Infrastructure.Sms.Aliyun", "src\Chaldea.Infrastructure.Sms.Aliyun\Chaldea.Infrastructure.Sms.Aliyun.csproj", "{8257AFE1-5B49-46A5-91DC-D7005E35DB99}"
EndProject
Global
	GlobalSection(SolutionConfigurationPlatforms) = preSolution
		Debug|Any CPU = Debug|Any CPU
		Release|Any CPU = Release|Any CPU
	EndGlobalSection
	GlobalSection(ProjectConfigurationPlatforms) = postSolution
		{665D2F5D-B818-4866-817B-641F76F52939}.Debug|Any CPU.ActiveCfg = Debug|Any CPU
		{665D2F5D-B818-4866-817B-641F76F52939}.Debug|Any CPU.Build.0 = Debug|Any CPU
		{665D2F5D-B818-4866-817B-641F76F52939}.Release|Any CPU.ActiveCfg = Release|Any CPU
		{665D2F5D-B818-4866-817B-641F76F52939}.Release|Any CPU.Build.0 = Release|Any CPU
		{01FF59BB-E7BD-4213-94DA-CE88E61E40D2}.Debug|Any CPU.ActiveCfg = Debug|Any CPU
		{01FF59BB-E7BD-4213-94DA-CE88E61E40D2}.Debug|Any CPU.Build.0 = Debug|Any CPU
		{01FF59BB-E7BD-4213-94DA-CE88E61E40D2}.Release|Any CPU.ActiveCfg = Release|Any CPU
		{01FF59BB-E7BD-4213-94DA-CE88E61E40D2}.Release|Any CPU.Build.0 = Release|Any CPU
		{D70B9EC2-8AB9-4591-AB6D-719F20A83DA6}.Debug|Any CPU.ActiveCfg = Debug|Any CPU
		{D70B9EC2-8AB9-4591-AB6D-719F20A83DA6}.Debug|Any CPU.Build.0 = Debug|Any CPU
		{D70B9EC2-8AB9-4591-AB6D-719F20A83DA6}.Release|Any CPU.ActiveCfg = Release|Any CPU
		{D70B9EC2-8AB9-4591-AB6D-719F20A83DA6}.Release|Any CPU.Build.0 = Release|Any CPU
		{72463BE8-6903-485E-B022-1032CCD14CC8}.Debug|Any CPU.ActiveCfg = Debug|Any CPU
		{72463BE8-6903-485E-B022-1032CCD14CC8}.Debug|Any CPU.Build.0 = Debug|Any CPU
		{72463BE8-6903-485E-B022-1032CCD14CC8}.Release|Any CPU.ActiveCfg = Release|Any CPU
		{72463BE8-6903-485E-B022-1032CCD14CC8}.Release|Any CPU.Build.0 = Release|Any CPU
		{51477E48-33C3-499A-99BB-EEF7BAADF511}.Debug|Any CPU.ActiveCfg = Debug|Any CPU
		{51477E48-33C3-499A-99BB-EEF7BAADF511}.Debug|Any CPU.Build.0 = Debug|Any CPU
		{51477E48-33C3-499A-99BB-EEF7BAADF511}.Release|Any CPU.ActiveCfg = Release|Any CPU
		{51477E48-33C3-499A-99BB-EEF7BAADF511}.Release|Any CPU.Build.0 = Release|Any CPU
		{0C6B1CAF-66A8-4223-AC30-39A31B1F3158}.Debug|Any CPU.ActiveCfg = Debug|Any CPU
		{0C6B1CAF-66A8-4223-AC30-39A31B1F3158}.Debug|Any CPU.Build.0 = Debug|Any CPU
		{0C6B1CAF-66A8-4223-AC30-39A31B1F3158}.Release|Any CPU.ActiveCfg = Release|Any CPU
		{0C6B1CAF-66A8-4223-AC30-39A31B1F3158}.Release|Any CPU.Build.0 = Release|Any CPU
		{8257AFE1-5B49-46A5-91DC-D7005E35DB99}.Debug|Any CPU.ActiveCfg = Debug|Any CPU
		{8257AFE1-5B49-46A5-91DC-D7005E35DB99}.Debug|Any CPU.Build.0 = Debug|Any CPU
		{8257AFE1-5B49-46A5-91DC-D7005E35DB99}.Release|Any CPU.ActiveCfg = Release|Any CPU
		{8257AFE1-5B49-46A5-91DC-D7005E35DB99}.Release|Any CPU.Build.0 = Release|Any CPU
	EndGlobalSection
	GlobalSection(SolutionProperties) = preSolution
		HideSolutionNode = FALSE
	EndGlobalSection
	GlobalSection(NestedProjects) = preSolution
		{665D2F5D-B818-4866-817B-641F76F52939} = {863C17D6-06EA-4B30-8549-4F571FBF93BF}
		{01FF59BB-E7BD-4213-94DA-CE88E61E40D2} = {863C17D6-06EA-4B30-8549-4F571FBF93BF}
		{D70B9EC2-8AB9-4591-AB6D-719F20A83DA6} = {89E2E7FB-67AF-4E55-92E3-3B2035BCBDC2}
		{72463BE8-6903-485E-B022-1032CCD14CC8} = {863C17D6-06EA-4B30-8549-4F571FBF93BF}
		{51477E48-33C3-499A-99BB-EEF7BAADF511} = {863C17D6-06EA-4B30-8549-4F571FBF93BF}
		{0C6B1CAF-66A8-4223-AC30-39A31B1F3158} = {230C5673-DEA7-4E80-82C3-E79FD7CE1BE2}
		{8257AFE1-5B49-46A5-91DC-D7005E35DB99} = {863C17D6-06EA-4B30-8549-4F571FBF93BF}
	EndGlobalSection
	GlobalSection(ExtensibilityGlobals) = postSolution
		SolutionGuid = {8FB94BA5-79C6-45F9-9972-8118990A9522}
	EndGlobalSection
EndGlobal
