
Microsoft Visual Studio Solution File, Format Version 12.00
# Visual Studio Version 16
VisualStudioVersion = 16.0.30114.105
MinimumVisualStudioVersion = 10.0.40219.1
Project("{2150E333-8FDC-42A3-9474-1A3956D46DE8}") = "src", "src", "{3D43CAE0-C66F-4107-B5E3-ADDA34173A25}"
EndProject
Project("{9A19103F-16F7-4668-BE54-9A1E7A4F7556}") = "Chaldea.Fate.Identity.Domain", "src\Chaldea.Fate.Identity.Domain\Chaldea.Fate.Identity.Domain.csproj", "{88DEF317-C413-43C2-B0B0-373828711EBE}"
EndProject
Project("{9A19103F-16F7-4668-BE54-9A1E7A4F7556}") = "Chaldea.Fate.Identity.Application", "src\Chaldea.Fate.Identity.Application\Chaldea.Fate.Identity.Application.csproj", "{C5F13F74-4280-4071-9051-BB7337FDF123}"
EndProject
Project("{9A19103F-16F7-4668-BE54-9A1E7A4F7556}") = "Chaldea.Fate.Identity", "src\Chaldea.Fate.Identity\Chaldea.Fate.Identity.csproj", "{C889A24E-D71E-4BD3-9D20-72DD943CDD19}"
EndProject
Project("{FAE04EC0-301F-11D3-BF4B-00C04F79EFBC}") = "Chaldea.Fate.Identity.MongoDB", "src\Chaldea.Fate.Identity.MongoDB\Chaldea.Fate.Identity.MongoDB.csproj", "{A906F2F1-47EF-418F-8A8A-1073241E446B}"
EndProject
Project("{2150E333-8FDC-42A3-9474-1A3956D46DE8}") = "common", "common", "{56FE9205-8853-4660-B4E8-C2288C551C3D}"
	ProjectSection(SolutionItems) = preProject
		..\common.props = ..\common.props
		..\nuget.config = ..\nuget.config
		..\startup.props = ..\startup.props
	EndProjectSection
EndProject
Global
	GlobalSection(SolutionConfigurationPlatforms) = preSolution
		Debug|Any CPU = Debug|Any CPU
		Release|Any CPU = Release|Any CPU
	EndGlobalSection
	GlobalSection(ProjectConfigurationPlatforms) = postSolution
		{88DEF317-C413-43C2-B0B0-373828711EBE}.Debug|Any CPU.ActiveCfg = Debug|Any CPU
		{88DEF317-C413-43C2-B0B0-373828711EBE}.Debug|Any CPU.Build.0 = Debug|Any CPU
		{88DEF317-C413-43C2-B0B0-373828711EBE}.Release|Any CPU.ActiveCfg = Release|Any CPU
		{88DEF317-C413-43C2-B0B0-373828711EBE}.Release|Any CPU.Build.0 = Release|Any CPU
		{C5F13F74-4280-4071-9051-BB7337FDF123}.Debug|Any CPU.ActiveCfg = Debug|Any CPU
		{C5F13F74-4280-4071-9051-BB7337FDF123}.Debug|Any CPU.Build.0 = Debug|Any CPU
		{C5F13F74-4280-4071-9051-BB7337FDF123}.Release|Any CPU.ActiveCfg = Release|Any CPU
		{C5F13F74-4280-4071-9051-BB7337FDF123}.Release|Any CPU.Build.0 = Release|Any CPU
		{C889A24E-D71E-4BD3-9D20-72DD943CDD19}.Debug|Any CPU.ActiveCfg = Debug|Any CPU
		{C889A24E-D71E-4BD3-9D20-72DD943CDD19}.Debug|Any CPU.Build.0 = Debug|Any CPU
		{C889A24E-D71E-4BD3-9D20-72DD943CDD19}.Release|Any CPU.ActiveCfg = Release|Any CPU
		{C889A24E-D71E-4BD3-9D20-72DD943CDD19}.Release|Any CPU.Build.0 = Release|Any CPU
		{A906F2F1-47EF-418F-8A8A-1073241E446B}.Debug|Any CPU.ActiveCfg = Debug|Any CPU
		{A906F2F1-47EF-418F-8A8A-1073241E446B}.Debug|Any CPU.Build.0 = Debug|Any CPU
		{A906F2F1-47EF-418F-8A8A-1073241E446B}.Release|Any CPU.ActiveCfg = Release|Any CPU
		{A906F2F1-47EF-418F-8A8A-1073241E446B}.Release|Any CPU.Build.0 = Release|Any CPU
	EndGlobalSection
	GlobalSection(SolutionProperties) = preSolution
		HideSolutionNode = FALSE
	EndGlobalSection
	GlobalSection(NestedProjects) = preSolution
		{88DEF317-C413-43C2-B0B0-373828711EBE} = {3D43CAE0-C66F-4107-B5E3-ADDA34173A25}
		{C5F13F74-4280-4071-9051-BB7337FDF123} = {3D43CAE0-C66F-4107-B5E3-ADDA34173A25}
		{C889A24E-D71E-4BD3-9D20-72DD943CDD19} = {3D43CAE0-C66F-4107-B5E3-ADDA34173A25}
		{A906F2F1-47EF-418F-8A8A-1073241E446B} = {3D43CAE0-C66F-4107-B5E3-ADDA34173A25}
	EndGlobalSection
	GlobalSection(ExtensibilityGlobals) = postSolution
		SolutionGuid = {777C9101-2D03-4F8D-B3BE-D76C3143308D}
	EndGlobalSection
EndGlobal
